// !$*UTF8*$!
{
	archiveVersion = 1;
	classes = {
	};
	objectVersion = 56;
	objects = {

/* Begin PBXBuildFile section */
		187BD1A32B0D2D6700DEAFB2 /* iDENTifyApp.swift in Sources */ = {isa = PBXBuildFile; fileRef = 187BD1A22B0D2D6700DEAFB2 /* iDENTifyApp.swift */; };
		187BD1A52B0D2D6700DEAFB2 /* ContentView.swift in Sources */ = {isa = PBXBuildFile; fileRef = 187BD1A42B0D2D6700DEAFB2 /* ContentView.swift */; };
		187BD1A72B0D2D6800DEAFB2 /* Assets.xcassets in Resources */ = {isa = PBXBuildFile; fileRef = 187BD1A62B0D2D6800DEAFB2 /* Assets.xcassets */; };
		187BD1AA2B0D2D6800DEAFB2 /* Preview Assets.xcassets in Resources */ = {isa = PBXBuildFile; fileRef = 187BD1A92B0D2D6800DEAFB2 /* Preview Assets.xcassets */; };
		187BD1B42B0D2D6800DEAFB2 /* iDENTifyTests.swift in Sources */ = {isa = PBXBuildFile; fileRef = 187BD1B32B0D2D6800DEAFB2 /* iDENTifyTests.swift */; };
		187BD1BE2B0D2D6800DEAFB2 /* iDENTifyUITests.swift in Sources */ = {isa = PBXBuildFile; fileRef = 187BD1BD2B0D2D6800DEAFB2 /* iDENTifyUITests.swift */; };
		187BD1C02B0D2D6800DEAFB2 /* iDENTifyUITestsLaunchTests.swift in Sources */ = {isa = PBXBuildFile; fileRef = 187BD1BF2B0D2D6800DEAFB2 /* iDENTifyUITestsLaunchTests.swift */; };
		18F483652E6C1BF2008D323C /* CameraSourceType.swift in Sources */ = {isa = PBXBuildFile; fileRef = 18F483622E6C1BF2008D323C /* CameraSourceType.swift */; };
		18F483662E6C1BF2008D323C /* CavityDetectionModels.swift in Sources */ = {isa = PBXBuildFile; fileRef = 18F483632E6C1BF2008D323C /* CavityDetectionModels.swift */; };
		18F483672E6C1BF2008D323C /* NavigationState.swift in Sources */ = {isa = PBXBuildFile; fileRef = 18F483642E6C1BF2008D323C /* NavigationState.swift */; };
		18F483692E6C1C03008D323C /* CavityDetectionService.swift in Sources */ = {isa = PBXBuildFile; fileRef = 18F483682E6C1C03008D323C /* CavityDetectionService.swift */; };
		18F4836B2E6C1C15008D323C /* ImageProcessingUtils.swift in Sources */ = {isa = PBXBuildFile; fileRef = 18F4836A2E6C1C15008D323C /* ImageProcessingUtils.swift */; };
		18F4836D2E6C1C23008D323C /* CameraViewModel.swift in Sources */ = {isa = PBXBuildFile; fileRef = 18F4836C2E6C1C23008D323C /* CameraViewModel.swift */; };
		18F483732E6C1C57008D323C /* ResultsView.swift in Sources */ = {isa = PBXBuildFile; fileRef = 18F483722E6C1C57008D323C /* ResultsView.swift */; };
		18F483742E6C1C57008D323C /* ImagePreviewView.swift in Sources */ = {isa = PBXBuildFile; fileRef = 18F483712E6C1C57008D323C /* ImagePreviewView.swift */; };
		18F483752E6C1C57008D323C /* CavityDetectionCard.swift in Sources */ = {isa = PBXBuildFile; fileRef = 18F4836E2E6C1C57008D323C /* CavityDetectionCard.swift */; };
		18F483762E6C1C57008D323C /* ImagePicker.swift in Sources */ = {isa = PBXBuildFile; fileRef = 18F483702E6C1C57008D323C /* ImagePicker.swift */; };
		18F483782E6C1C8A008D323C /* aviScan-YOLOv11n-v1.0.tflite in Resources */ = {isa = PBXBuildFile; fileRef = 18F483772E6C1C8A008D323C /* aviScan-YOLOv11n-v1.0.tflite */; };
		3E816B5EF16F145A8941A3DE /* Pods_iDENTify.framework in Frameworks */ = {isa = PBXBuildFile; fileRef = A2C315DFA3866F2499593EC6 /* Pods_iDENTify.framework */; };
		58AB7CF5BFBD0A17210A021C /* Pods_iDENTify_iDENTifyUITests.framework in Frameworks */ = {isa = PBXBuildFile; fileRef = 5ABD97473C9957E311D7D2E9 /* Pods_iDENTify_iDENTifyUITests.framework */; };
		A08FCA14B9B3558A3C3D2358 /* Pods_iDENTifyTests.framework in Frameworks */ = {isa = PBXBuildFile; fileRef = 566D9D347232B1D78C359E4A /* Pods_iDENTifyTests.framework */; };
/* End PBXBuildFile section */

/* Begin PBXContainerItemProxy section */
		187BD1B02B0D2D6800DEAFB2 /* PBXContainerItemProxy */ = {
			isa = PBXContainerItemProxy;
			containerPortal = 187BD1972B0D2D6700DEAFB2 /* Project object */;
			proxyType = 1;
			remoteGlobalIDString = 187BD19E2B0D2D6700DEAFB2;
			remoteInfo = iDENTify;
		};
		187BD1BA2B0D2D6800DEAFB2 /* PBXContainerItemProxy */ = {
			isa = PBXContainerItemProxy;
			containerPortal = 187BD1972B0D2D6700DEAFB2 /* Project object */;
			proxyType = 1;
			remoteGlobalIDString = 187BD19E2B0D2D6700DEAFB2;
			remoteInfo = iDENTify;
		};
/* End PBXContainerItemProxy section */

/* Begin PBXFileReference section */
		0482DB56AECD82D602B52E23 /* Pods-iDENTifyTests.release.xcconfig */ = {isa = PBXFileReference; includeInIndex = 1; lastKnownFileType = text.xcconfig; name = "Pods-iDENTifyTests.release.xcconfig"; path = "Target Support Files/Pods-iDENTifyTests/Pods-iDENTifyTests.release.xcconfig"; sourceTree = "<group>"; };
		078B6169AD5023BEC27E9069 /* Pods-iDENTify-iDENTifyUITests.release.xcconfig */ = {isa = PBXFileReference; includeInIndex = 1; lastKnownFileType = text.xcconfig; name = "Pods-iDENTify-iDENTifyUITests.release.xcconfig"; path = "Target Support Files/Pods-iDENTify-iDENTifyUITests/Pods-iDENTify-iDENTifyUITests.release.xcconfig"; sourceTree = "<group>"; };
		187BD19F2B0D2D6700DEAFB2 /* iDENTify.app */ = {isa = PBXFileReference; explicitFileType = wrapper.application; includeInIndex = 0; path = iDENTify.app; sourceTree = BUILT_PRODUCTS_DIR; };
		187BD1A22B0D2D6700DEAFB2 /* iDENTifyApp.swift */ = {isa = PBXFileReference; lastKnownFileType = sourcecode.swift; path = iDENTifyApp.swift; sourceTree = "<group>"; };
		187BD1A42B0D2D6700DEAFB2 /* ContentView.swift */ = {isa = PBXFileReference; lastKnownFileType = sourcecode.swift; path = ContentView.swift; sourceTree = "<group>"; };
		187BD1A62B0D2D6800DEAFB2 /* Assets.xcassets */ = {isa = PBXFileReference; lastKnownFileType = folder.assetcatalog; path = Assets.xcassets; sourceTree = "<group>"; };
		187BD1A92B0D2D6800DEAFB2 /* Preview Assets.xcassets */ = {isa = PBXFileReference; lastKnownFileType = folder.assetcatalog; path = "Preview Assets.xcassets"; sourceTree = "<group>"; };
		187BD1AF2B0D2D6800DEAFB2 /* iDENTifyTests.xctest */ = {isa = PBXFileReference; explicitFileType = wrapper.cfbundle; includeInIndex = 0; path = iDENTifyTests.xctest; sourceTree = BUILT_PRODUCTS_DIR; };
		187BD1B32B0D2D6800DEAFB2 /* iDENTifyTests.swift */ = {isa = PBXFileReference; lastKnownFileType = sourcecode.swift; path = iDENTifyTests.swift; sourceTree = "<group>"; };
		187BD1B92B0D2D6800DEAFB2 /* iDENTifyUITests.xctest */ = {isa = PBXFileReference; explicitFileType = wrapper.cfbundle; includeInIndex = 0; path = iDENTifyUITests.xctest; sourceTree = BUILT_PRODUCTS_DIR; };
		187BD1BD2B0D2D6800DEAFB2 /* iDENTifyUITests.swift */ = {isa = PBXFileReference; lastKnownFileType = sourcecode.swift; path = iDENTifyUITests.swift; sourceTree = "<group>"; };
		187BD1BF2B0D2D6800DEAFB2 /* iDENTifyUITestsLaunchTests.swift */ = {isa = PBXFileReference; lastKnownFileType = sourcecode.swift; path = iDENTifyUITestsLaunchTests.swift; sourceTree = "<group>"; };
		18F483622E6C1BF2008D323C /* CameraSourceType.swift */ = {isa = PBXFileReference; lastKnownFileType = sourcecode.swift; path = CameraSourceType.swift; sourceTree = "<group>"; };
		18F483632E6C1BF2008D323C /* CavityDetectionModels.swift */ = {isa = PBXFileReference; lastKnownFileType = sourcecode.swift; path = CavityDetectionModels.swift; sourceTree = "<group>"; };
		18F483642E6C1BF2008D323C /* NavigationState.swift */ = {isa = PBXFileReference; lastKnownFileType = sourcecode.swift; path = NavigationState.swift; sourceTree = "<group>"; };
		18F483682E6C1C03008D323C /* CavityDetectionService.swift */ = {isa = PBXFileReference; lastKnownFileType = sourcecode.swift; path = CavityDetectionService.swift; sourceTree = "<group>"; };
		18F4836A2E6C1C15008D323C /* ImageProcessingUtils.swift */ = {isa = PBXFileReference; lastKnownFileType = sourcecode.swift; path = ImageProcessingUtils.swift; sourceTree = "<group>"; };
		18F4836C2E6C1C23008D323C /* CameraViewModel.swift */ = {isa = PBXFileReference; lastKnownFileType = sourcecode.swift; path = CameraViewModel.swift; sourceTree = "<group>"; };
		18F4836E2E6C1C57008D323C /* CavityDetectionCard.swift */ = {isa = PBXFileReference; lastKnownFileType = sourcecode.swift; path = CavityDetectionCard.swift; sourceTree = "<group>"; };
		18F483702E6C1C57008D323C /* ImagePicker.swift */ = {isa = PBXFileReference; lastKnownFileType = sourcecode.swift; path = ImagePicker.swift; sourceTree = "<group>"; };
		18F483712E6C1C57008D323C /* ImagePreviewView.swift */ = {isa = PBXFileReference; lastKnownFileType = sourcecode.swift; path = ImagePreviewView.swift; sourceTree = "<group>"; };
		18F483722E6C1C57008D323C /* ResultsView.swift */ = {isa = PBXFileReference; lastKnownFileType = sourcecode.swift; path = ResultsView.swift; sourceTree = "<group>"; };
		18F483772E6C1C8A008D323C /* aviScan-YOLOv11n-v1.0.tflite */ = {isa = PBXFileReference; lastKnownFileType = text; path = "aviScan-YOLOv11n-v1.0.tflite"; sourceTree = "<group>"; };
		520B23074CBF74542BCCD8CA /* Pods-iDENTify-iDENTifyUITests.debug.xcconfig */ = {isa = PBXFileReference; includeInIndex = 1; lastKnownFileType = text.xcconfig; name = "Pods-iDENTify-iDENTifyUITests.debug.xcconfig"; path = "Target Support Files/Pods-iDENTify-iDENTifyUITests/Pods-iDENTify-iDENTifyUITests.debug.xcconfig"; sourceTree = "<group>"; };
		566D9D347232B1D78C359E4A /* Pods_iDENTifyTests.framework */ = {isa = PBXFileReference; explicitFileType = wrapper.framework; includeInIndex = 0; path = Pods_iDENTifyTests.framework; sourceTree = BUILT_PRODUCTS_DIR; };
		5ABD97473C9957E311D7D2E9 /* Pods_iDENTify_iDENTifyUITests.framework */ = {isa = PBXFileReference; explicitFileType = wrapper.framework; includeInIndex = 0; path = Pods_iDENTify_iDENTifyUITests.framework; sourceTree = BUILT_PRODUCTS_DIR; };
		A2C315DFA3866F2499593EC6 /* Pods_iDENTify.framework */ = {isa = PBXFileReference; explicitFileType = wrapper.framework; includeInIndex = 0; path = Pods_iDENTify.framework; sourceTree = BUILT_PRODUCTS_DIR; };
		AE98199EBB6B7F295A35BB43 /* Pods-iDENTifyTests.debug.xcconfig */ = {isa = PBXFileReference; includeInIndex = 1; lastKnownFileType = text.xcconfig; name = "Pods-iDENTifyTests.debug.xcconfig"; path = "Target Support Files/Pods-iDENTifyTests/Pods-iDENTifyTests.debug.xcconfig"; sourceTree = "<group>"; };
		C4090DCD5889CB951C6151EB /* Pods-iDENTify.debug.xcconfig */ = {isa = PBXFileReference; includeInIndex = 1; lastKnownFileType = text.xcconfig; name = "Pods-iDENTify.debug.xcconfig"; path = "Target Support Files/Pods-iDENTify/Pods-iDENTify.debug.xcconfig"; sourceTree = "<group>"; };
		F3981274F9A4480B472FDE3F /* Pods-iDENTify.release.xcconfig */ = {isa = PBXFileReference; includeInIndex = 1; lastKnownFileType = text.xcconfig; name = "Pods-iDENTify.release.xcconfig"; path = "Target Support Files/Pods-iDENTify/Pods-iDENTify.release.xcconfig"; sourceTree = "<group>"; };
/* End PBXFileReference section */

/* Begin PBXFrameworksBuildPhase section */
		187BD19C2B0D2D6700DEAFB2 /* Frameworks */ = {
			isa = PBXFrameworksBuildPhase;
			buildActionMask = 2147483647;
			files = (
				3E816B5EF16F145A8941A3DE /* Pods_iDENTify.framework in Frameworks */,
			);
			runOnlyForDeploymentPostprocessing = 0;
		};
		187BD1AC2B0D2D6800DEAFB2 /* Frameworks */ = {
			isa = PBXFrameworksBuildPhase;
			buildActionMask = 2147483647;
			files = (
				A08FCA14B9B3558A3C3D2358 /* Pods_iDENTifyTests.framework in Frameworks */,
			);
			runOnlyForDeploymentPostprocessing = 0;
		};
		187BD1B62B0D2D6800DEAFB2 /* Frameworks */ = {
			isa = PBXFrameworksBuildPhase;
			buildActionMask = 2147483647;
			files = (
				58AB7CF5BFBD0A17210A021C /* Pods_iDENTify_iDENTifyUITests.framework in Frameworks */,
			);
			runOnlyForDeploymentPostprocessing = 0;
		};
/* End PBXFrameworksBuildPhase section */

/* Begin PBXGroup section */
		187BD1962B0D2D6700DEAFB2 = {
			isa = PBXGroup;
			children = (
				187BD1A12B0D2D6700DEAFB2 /* iDENTify */,
				187BD1B22B0D2D6800DEAFB2 /* iDENTifyTests */,
				187BD1BC2B0D2D6800DEAFB2 /* iDENTifyUITests */,
				187BD1A02B0D2D6700DEAFB2 /* Products */,
				BF6946F44BE314BBC4E81CE7 /* Pods */,
				984B0803EADA1FDC7B252FED /* Frameworks */,
			);
			sourceTree = "<group>";
		};
		187BD1A02B0D2D6700DEAFB2 /* Products */ = {
			isa = PBXGroup;
			children = (
				187BD19F2B0D2D6700DEAFB2 /* iDENTify.app */,
				187BD1AF2B0D2D6800DEAFB2 /* iDENTifyTests.xctest */,
				187BD1B92B0D2D6800DEAFB2 /* iDENTifyUITests.xctest */,
			);
			name = Products;
			sourceTree = "<group>";
		};
		187BD1A12B0D2D6700DEAFB2 /* iDENTify */ = {
			isa = PBXGroup;
			children = (
				18F483772E6C1C8A008D323C /* aviScan-YOLOv11n-v1.0.tflite */,
				18F483702E6C1C57008D323C /* ImagePicker.swift */,
				18F483712E6C1C57008D323C /* ImagePreviewView.swift */,
				18F483722E6C1C57008D323C /* ResultsView.swift */,
				18F4836C2E6C1C23008D323C /* CameraViewModel.swift */,
				18F4836A2E6C1C15008D323C /* ImageProcessingUtils.swift */,
				18F483682E6C1C03008D323C /* CavityDetectionService.swift */,
				18F483622E6C1BF2008D323C /* CameraSourceType.swift */,
				18F483632E6C1BF2008D323C /* CavityDetectionModels.swift */,
				18F483642E6C1BF2008D323C /* NavigationState.swift */,
				187BD1A22B0D2D6700DEAFB2 /* iDENTifyApp.swift */,
				187BD1A42B0D2D6700DEAFB2 /* ContentView.swift */,
				187BD1A62B0D2D6800DEAFB2 /* Assets.xcassets */,
				187BD1A82B0D2D6800DEAFB2 /* Preview Content */,
				18F4836E2E6C1C57008D323C /* CavityDetectionCard.swift */,
			);
			path = iDENTify;
			sourceTree = "<group>";
		};
		187BD1A82B0D2D6800DEAFB2 /* Preview Content */ = {
			isa = PBXGroup;
			children = (
				187BD1A92B0D2D6800DEAFB2 /* Preview Assets.xcassets */,
			);
			path = "Preview Content";
			sourceTree = "<group>";
		};
		187BD1B22B0D2D6800DEAFB2 /* iDENTifyTests */ = {
			isa = PBXGroup;
			children = (
				187BD1B32B0D2D6800DEAFB2 /* iDENTifyTests.swift */,
			);
			path = iDENTifyTests;
			sourceTree = "<group>";
		};
		187BD1BC2B0D2D6800DEAFB2 /* iDENTifyUITests */ = {
			isa = PBXGroup;
			children = (
				187BD1BD2B0D2D6800DEAFB2 /* iDENTifyUITests.swift */,
				187BD1BF2B0D2D6800DEAFB2 /* iDENTifyUITestsLaunchTests.swift */,
			);
			path = iDENTifyUITests;
			sourceTree = "<group>";
		};
		984B0803EADA1FDC7B252FED /* Frameworks */ = {
			isa = PBXGroup;
			children = (
				A2C315DFA3866F2499593EC6 /* Pods_iDENTify.framework */,
				5ABD97473C9957E311D7D2E9 /* Pods_iDENTify_iDENTifyUITests.framework */,
				566D9D347232B1D78C359E4A /* Pods_iDENTifyTests.framework */,
			);
			name = Frameworks;
			sourceTree = "<group>";
		};
		BF6946F44BE314BBC4E81CE7 /* Pods */ = {
			isa = PBXGroup;
			children = (
				C4090DCD5889CB951C6151EB /* Pods-iDENTify.debug.xcconfig */,
				F3981274F9A4480B472FDE3F /* Pods-iDENTify.release.xcconfig */,
				520B23074CBF74542BCCD8CA /* Pods-iDENTify-iDENTifyUITests.debug.xcconfig */,
				078B6169AD5023BEC27E9069 /* Pods-iDENTify-iDENTifyUITests.release.xcconfig */,
				AE98199EBB6B7F295A35BB43 /* Pods-iDENTifyTests.debug.xcconfig */,
				0482DB56AECD82D602B52E23 /* Pods-iDENTifyTests.release.xcconfig */,
			);
			path = Pods;
			sourceTree = "<group>";
		};
/* End PBXGroup section */

/* Begin PBXNativeTarget section */
		187BD19E2B0D2D6700DEAFB2 /* iDENTify */ = {
			isa = PBXNativeTarget;
			buildConfigurationList = 187BD1C32B0D2D6800DEAFB2 /* Build configuration list for PBXNativeTarget "iDENTify" */;
			buildPhases = (
				A81F2088826578B670CB706A /* [CP] Check Pods Manifest.lock */,
				187BD19B2B0D2D6700DEAFB2 /* Sources */,
				187BD19C2B0D2D6700DEAFB2 /* Frameworks */,
				187BD19D2B0D2D6700DEAFB2 /* Resources */,
				31C5DE36A0BCFFF005FE9DEE /* [CP] Copy Pods Resources */,
			);
			buildRules = (
			);
			dependencies = (
			);
			name = iDENTify;
			productName = iDENTify;
			productReference = 187BD19F2B0D2D6700DEAFB2 /* iDENTify.app */;
			productType = "com.apple.product-type.application";
		};
		187BD1AE2B0D2D6800DEAFB2 /* iDENTifyTests */ = {
			isa = PBXNativeTarget;
			buildConfigurationList = 187BD1C62B0D2D6800DEAFB2 /* Build configuration list for PBXNativeTarget "iDENTifyTests" */;
			buildPhases = (
				F0D65C1601ABDECFB658EFA2 /* [CP] Check Pods Manifest.lock */,
				187BD1AB2B0D2D6800DEAFB2 /* Sources */,
				187BD1AC2B0D2D6800DEAFB2 /* Frameworks */,
				187BD1AD2B0D2D6800DEAFB2 /* Resources */,
			);
			buildRules = (
			);
			dependencies = (
				187BD1B12B0D2D6800DEAFB2 /* PBXTargetDependency */,
			);
			name = iDENTifyTests;
			productName = iDENTifyTests;
			productReference = 187BD1AF2B0D2D6800DEAFB2 /* iDENTifyTests.xctest */;
			productType = "com.apple.product-type.bundle.unit-test";
		};
		187BD1B82B0D2D6800DEAFB2 /* iDENTifyUITests */ = {
			isa = PBXNativeTarget;
			buildConfigurationList = 187BD1C92B0D2D6800DEAFB2 /* Build configuration list for PBXNativeTarget "iDENTifyUITests" */;
			buildPhases = (
				6E586B8495F0736A5A9F6A93 /* [CP] Check Pods Manifest.lock */,
				187BD1B52B0D2D6800DEAFB2 /* Sources */,
				187BD1B62B0D2D6800DEAFB2 /* Frameworks */,
				187BD1B72B0D2D6800DEAFB2 /* Resources */,
				DA8E1BFF40A6DCDE0416BCBF /* [CP] Copy Pods Resources */,
			);
			buildRules = (
			);
			dependencies = (
				187BD1BB2B0D2D6800DEAFB2 /* PBXTargetDependency */,
			);
			name = iDENTifyUITests;
			productName = iDENTifyUITests;
			productReference = 187BD1B92B0D2D6800DEAFB2 /* iDENTifyUITests.xctest */;
			productType = "com.apple.product-type.bundle.ui-testing";
		};
/* End PBXNativeTarget section */

/* Begin PBXProject section */
		187BD1972B0D2D6700DEAFB2 /* Project object */ = {
			isa = PBXProject;
			attributes = {
				BuildIndependentTargetsInParallel = 1;
				LastSwiftUpdateCheck = 1500;
				LastUpgradeCheck = 1500;
				TargetAttributes = {
					187BD19E2B0D2D6700DEAFB2 = {
						CreatedOnToolsVersion = 15.0.1;
					};
					187BD1AE2B0D2D6800DEAFB2 = {
						CreatedOnToolsVersion = 15.0.1;
						TestTargetID = 187BD19E2B0D2D6700DEAFB2;
					};
					187BD1B82B0D2D6800DEAFB2 = {
						CreatedOnToolsVersion = 15.0.1;
						TestTargetID = 187BD19E2B0D2D6700DEAFB2;
					};
				};
			};
			buildConfigurationList = 187BD19A2B0D2D6700DEAFB2 /* Build configuration list for PBXProject "iDENTify" */;
			compatibilityVersion = "Xcode 14.0";
			developmentRegion = en;
			hasScannedForEncodings = 0;
			knownRegions = (
				en,
				Base,
			);
			mainGroup = 187BD1962B0D2D6700DEAFB2;
			productRefGroup = 187BD1A02B0D2D6700DEAFB2 /* Products */;
			projectDirPath = "";
			projectRoot = "";
			targets = (
				187BD19E2B0D2D6700DEAFB2 /* iDENTify */,
				187BD1AE2B0D2D6800DEAFB2 /* iDENTifyTests */,
				187BD1B82B0D2D6800DEAFB2 /* iDENTifyUITests */,
			);
		};
/* End PBXProject section */

/* Begin PBXResourcesBuildPhase section */
		187BD19D2B0D2D6700DEAFB2 /* Resources */ = {
			isa = PBXResourcesBuildPhase;
			buildActionMask = 2147483647;
			files = (
				187BD1AA2B0D2D6800DEAFB2 /* Preview Assets.xcassets in Resources */,
				187BD1A72B0D2D6800DEAFB2 /* Assets.xcassets in Resources */,
				18F483782E6C1C8A008D323C /* aviScan-YOLOv11n-v1.0.tflite in Resources */,
			);
			runOnlyForDeploymentPostprocessing = 0;
		};
		187BD1AD2B0D2D6800DEAFB2 /* Resources */ = {
			isa = PBXResourcesBuildPhase;
			buildActionMask = 2147483647;
			files = (
			);
			runOnlyForDeploymentPostprocessing = 0;
		};
		187BD1B72B0D2D6800DEAFB2 /* Resources */ = {
			isa = PBXResourcesBuildPhase;
			buildActionMask = 2147483647;
			files = (
			);
			runOnlyForDeploymentPostprocessing = 0;
		};
/* End PBXResourcesBuildPhase section */

/* Begin PBXShellScriptBuildPhase section */
		31C5DE36A0BCFFF005FE9DEE /* [CP] Copy Pods Resources */ = {
			isa = PBXShellScriptBuildPhase;
			buildActionMask = 2147483647;
			files = (
			);
			inputFileListPaths = (
				"${PODS_ROOT}/Target Support Files/Pods-iDENTify/Pods-iDENTify-resources-${CONFIGURATION}-input-files.xcfilelist",
			);
			inputPaths = (
			);
			name = "[CP] Copy Pods Resources";
			outputFileListPaths = (
				"${PODS_ROOT}/Target Support Files/Pods-iDENTify/Pods-iDENTify-resources-${CONFIGURATION}-output-files.xcfilelist",
			);
			outputPaths = (
			);
			runOnlyForDeploymentPostprocessing = 0;
			shellPath = /bin/sh;
			shellScript = "\"${PODS_ROOT}/Target Support Files/Pods-iDENTify/Pods-iDENTify-resources.sh\"\n";
			showEnvVarsInLog = 0;
		};
		6E586B8495F0736A5A9F6A93 /* [CP] Check Pods Manifest.lock */ = {
			isa = PBXShellScriptBuildPhase;
			buildActionMask = 2147483647;
			files = (
			);
			inputFileListPaths = (
			);
			inputPaths = (
				"${PODS_PODFILE_DIR_PATH}/Podfile.lock",
				"${PODS_ROOT}/Manifest.lock",
			);
			name = "[CP] Check Pods Manifest.lock";
			outputFileListPaths = (
			);
			outputPaths = (
				"$(DERIVED_FILE_DIR)/Pods-iDENTify-iDENTifyUITests-checkManifestLockResult.txt",
			);
			runOnlyForDeploymentPostprocessing = 0;
			shellPath = /bin/sh;
			shellScript = "diff \"${PODS_PODFILE_DIR_PATH}/Podfile.lock\" \"${PODS_ROOT}/Manifest.lock\" > /dev/null\nif [ $? != 0 ] ; then\n    # print error to STDERR\n    echo \"error: The sandbox is not in sync with the Podfile.lock. Run 'pod install' or update your CocoaPods installation.\" >&2\n    exit 1\nfi\n# This output is used by Xcode 'outputs' to avoid re-running this script phase.\necho \"SUCCESS\" > \"${SCRIPT_OUTPUT_FILE_0}\"\n";
			showEnvVarsInLog = 0;
		};
		A81F2088826578B670CB706A /* [CP] Check Pods Manifest.lock */ = {
			isa = PBXShellScriptBuildPhase;
			buildActionMask = 2147483647;
			files = (
			);
			inputFileListPaths = (
			);
			inputPaths = (
				"${PODS_PODFILE_DIR_PATH}/Podfile.lock",
				"${PODS_ROOT}/Manifest.lock",
			);
			name = "[CP] Check Pods Manifest.lock";
			outputFileListPaths = (
			);
			outputPaths = (
				"$(DERIVED_FILE_DIR)/Pods-iDENTify-checkManifestLockResult.txt",
			);
			runOnlyForDeploymentPostprocessing = 0;
			shellPath = /bin/sh;
			shellScript = "diff \"${PODS_PODFILE_DIR_PATH}/Podfile.lock\" \"${PODS_ROOT}/Manifest.lock\" > /dev/null\nif [ $? != 0 ] ; then\n    # print error to STDERR\n    echo \"error: The sandbox is not in sync with the Podfile.lock. Run 'pod install' or update your CocoaPods installation.\" >&2\n    exit 1\nfi\n# This output is used by Xcode 'outputs' to avoid re-running this script phase.\necho \"SUCCESS\" > \"${SCRIPT_OUTPUT_FILE_0}\"\n";
			showEnvVarsInLog = 0;
		};
		DA8E1BFF40A6DCDE0416BCBF /* [CP] Copy Pods Resources */ = {
			isa = PBXShellScriptBuildPhase;
			buildActionMask = 2147483647;
			files = (
			);
			inputFileListPaths = (
				"${PODS_ROOT}/Target Support Files/Pods-iDENTify-iDENTifyUITests/Pods-iDENTify-iDENTifyUITests-resources-${CONFIGURATION}-input-files.xcfilelist",
			);
			inputPaths = (
			);
			name = "[CP] Copy Pods Resources";
			outputFileListPaths = (
				"${PODS_ROOT}/Target Support Files/Pods-iDENTify-iDENTifyUITests/Pods-iDENTify-iDENTifyUITests-resources-${CONFIGURATION}-output-files.xcfilelist",
			);
			outputPaths = (
			);
			runOnlyForDeploymentPostprocessing = 0;
			shellPath = /bin/sh;
			shellScript = "\"${PODS_ROOT}/Target Support Files/Pods-iDENTify-iDENTifyUITests/Pods-iDENTify-iDENTifyUITests-resources.sh\"\n";
			showEnvVarsInLog = 0;
		};
		F0D65C1601ABDECFB658EFA2 /* [CP] Check Pods Manifest.lock */ = {
			isa = PBXShellScriptBuildPhase;
			buildActionMask = 2147483647;
			files = (
			);
			inputFileListPaths = (
			);
			inputPaths = (
				"${PODS_PODFILE_DIR_PATH}/Podfile.lock",
				"${PODS_ROOT}/Manifest.lock",
			);
			name = "[CP] Check Pods Manifest.lock";
			outputFileListPaths = (
			);
			outputPaths = (
				"$(DERIVED_FILE_DIR)/Pods-iDENTifyTests-checkManifestLockResult.txt",
			);
			runOnlyForDeploymentPostprocessing = 0;
			shellPath = /bin/sh;
			shellScript = "diff \"${PODS_PODFILE_DIR_PATH}/Podfile.lock\" \"${PODS_ROOT}/Manifest.lock\" > /dev/null\nif [ $? != 0 ] ; then\n    # print error to STDERR\n    echo \"error: The sandbox is not in sync with the Podfile.lock. Run 'pod install' or update your CocoaPods installation.\" >&2\n    exit 1\nfi\n# This output is used by Xcode 'outputs' to avoid re-running this script phase.\necho \"SUCCESS\" > \"${SCRIPT_OUTPUT_FILE_0}\"\n";
			showEnvVarsInLog = 0;
		};
/* End PBXShellScriptBuildPhase section */

/* Begin PBXSourcesBuildPhase section */
		187BD19B2B0D2D6700DEAFB2 /* Sources */ = {
			isa = PBXSourcesBuildPhase;
			buildActionMask = 2147483647;
			files = (
				18F483732E6C1C57008D323C /* ResultsView.swift in Sources */,
				18F483742E6C1C57008D323C /* ImagePreviewView.swift in Sources */,
				18F483752E6C1C57008D323C /* CavityDetectionCard.swift in Sources */,
				18F483762E6C1C57008D323C /* ImagePicker.swift in Sources */,
				18F4836B2E6C1C15008D323C /* ImageProcessingUtils.swift in Sources */,
				187BD1A52B0D2D6700DEAFB2 /* ContentView.swift in Sources */,
				18F483692E6C1C03008D323C /* CavityDetectionService.swift in Sources */,
				187BD1A32B0D2D6700DEAFB2 /* iDENTifyApp.swift in Sources */,
				18F483652E6C1BF2008D323C /* CameraSourceType.swift in Sources */,
				18F4836D2E6C1C23008D323C /* CameraViewModel.swift in Sources */,
				18F483662E6C1BF2008D323C /* CavityDetectionModels.swift in Sources */,
				18F483672E6C1BF2008D323C /* NavigationState.swift in Sources */,
			);
			runOnlyForDeploymentPostprocessing = 0;
		};
		187BD1AB2B0D2D6800DEAFB2 /* Sources */ = {
			isa = PBXSourcesBuildPhase;
			buildActionMask = 2147483647;
			files = (
				187BD1B42B0D2D6800DEAFB2 /* iDENTifyTests.swift in Sources */,
			);
			runOnlyForDeploymentPostprocessing = 0;
		};
		187BD1B52B0D2D6800DEAFB2 /* Sources */ = {
			isa = PBXSourcesBuildPhase;
			buildActionMask = 2147483647;
			files = (
				187BD1BE2B0D2D6800DEAFB2 /* iDENTifyUITests.swift in Sources */,
				187BD1C02B0D2D6800DEAFB2 /* iDENTifyUITestsLaunchTests.swift in Sources */,
			);
			runOnlyForDeploymentPostprocessing = 0;
		};
/* End PBXSourcesBuildPhase section */

/* Begin PBXTargetDependency section */
		187BD1B12B0D2D6800DEAFB2 /* PBXTargetDependency */ = {
			isa = PBXTargetDependency;
			target = 187BD19E2B0D2D6700DEAFB2 /* iDENTify */;
			targetProxy = 187BD1B02B0D2D6800DEAFB2 /* PBXContainerItemProxy */;
		};
		187BD1BB2B0D2D6800DEAFB2 /* PBXTargetDependency */ = {
			isa = PBXTargetDependency;
			target = 187BD19E2B0D2D6700DEAFB2 /* iDENTify */;
			targetProxy = 187BD1BA2B0D2D6800DEAFB2 /* PBXContainerItemProxy */;
		};
/* End PBXTargetDependency section */

/* Begin XCBuildConfiguration section */
		187BD1C12B0D2D6800DEAFB2 /* Debug */ = {
			isa = XCBuildConfiguration;
			buildSettings = {
				ALWAYS_SEARCH_USER_PATHS = NO;
				ASSETCATALOG_COMPILER_GENERATE_SWIFT_ASSET_SYMBOL_EXTENSIONS = YES;
				CLANG_ANALYZER_NONNULL = YES;
				CLANG_ANALYZER_NUMBER_OBJECT_CONVERSION = YES_AGGRESSIVE;
				CLANG_CXX_LANGUAGE_STANDARD = "gnu++20";
				CLANG_ENABLE_MODULES = YES;
				CLANG_ENABLE_OBJC_ARC = YES;
				CLANG_ENABLE_OBJC_WEAK = YES;
				CLANG_WARN_BLOCK_CAPTURE_AUTORELEASING = YES;
				CLANG_WARN_BOOL_CONVERSION = YES;
				CLANG_WARN_COMMA = YES;
				CLANG_WARN_CONSTANT_CONVERSION = YES;
				CLANG_WARN_DEPRECATED_OBJC_IMPLEMENTATIONS = YES;
				CLANG_WARN_DIRECT_OBJC_ISA_USAGE = YES_ERROR;
				CLANG_WARN_DOCUMENTATION_COMMENTS = YES;
				CLANG_WARN_EMPTY_BODY = YES;
				CLANG_WARN_ENUM_CONVERSION = YES;
				CLANG_WARN_INFINITE_RECURSION = YES;
				CLANG_WARN_INT_CONVERSION = YES;
				CLANG_WARN_NON_LITERAL_NULL_CONVERSION = YES;
				CLANG_WARN_OBJC_IMPLICIT_RETAIN_SELF = YES;
				CLANG_WARN_OBJC_LITERAL_CONVERSION = YES;
				CLANG_WARN_OBJC_ROOT_CLASS = YES_ERROR;
				CLANG_WARN_QUOTED_INCLUDE_IN_FRAMEWORK_HEADER = YES;
				CLANG_WARN_RANGE_LOOP_ANALYSIS = YES;
				CLANG_WARN_STRICT_PROTOTYPES = YES;
				CLANG_WARN_SUSPICIOUS_MOVE = YES;
				CLANG_WARN_UNGUARDED_AVAILABILITY = YES_AGGRESSIVE;
				CLANG_WARN_UNREACHABLE_CODE = YES;
				CLANG_WARN__DUPLICATE_METHOD_MATCH = YES;
				COPY_PHASE_STRIP = NO;
				DEBUG_INFORMATION_FORMAT = dwarf;
				ENABLE_STRICT_OBJC_MSGSEND = YES;
				ENABLE_TESTABILITY = YES;
				ENABLE_USER_SCRIPT_SANDBOXING = YES;
				GCC_C_LANGUAGE_STANDARD = gnu17;
				GCC_DYNAMIC_NO_PIC = NO;
				GCC_NO_COMMON_BLOCKS = YES;
				GCC_OPTIMIZATION_LEVEL = 0;
				GCC_PREPROCESSOR_DEFINITIONS = (
					"DEBUG=1",
					"$(inherited)",
				);
				GCC_WARN_64_TO_32_BIT_CONVERSION = YES;
				GCC_WARN_ABOUT_RETURN_TYPE = YES_ERROR;
				GCC_WARN_UNDECLARED_SELECTOR = YES;
				GCC_WARN_UNINITIALIZED_AUTOS = YES_AGGRESSIVE;
				GCC_WARN_UNUSED_FUNCTION = YES;
				GCC_WARN_UNUSED_VARIABLE = YES;
				IPHONEOS_DEPLOYMENT_TARGET = 17.0;
				LOCALIZATION_PREFERS_STRING_CATALOGS = YES;
				MTL_ENABLE_DEBUG_INFO = INCLUDE_SOURCE;
				MTL_FAST_MATH = YES;
				ONLY_ACTIVE_ARCH = YES;
				SDKROOT = iphoneos;
				SWIFT_ACTIVE_COMPILATION_CONDITIONS = "DEBUG $(inherited)";
				SWIFT_OPTIMIZATION_LEVEL = "-Onone";
			};
			name = Debug;
		};
		187BD1C22B0D2D6800DEAFB2 /* Release */ = {
			isa = XCBuildConfiguration;
			buildSettings = {
				ALWAYS_SEARCH_USER_PATHS = NO;
				ASSETCATALOG_COMPILER_GENERATE_SWIFT_ASSET_SYMBOL_EXTENSIONS = YES;
				CLANG_ANALYZER_NONNULL = YES;
				CLANG_ANALYZER_NUMBER_OBJECT_CONVERSION = YES_AGGRESSIVE;
				CLANG_CXX_LANGUAGE_STANDARD = "gnu++20";
				CLANG_ENABLE_MODULES = YES;
				CLANG_ENABLE_OBJC_ARC = YES;
				CLANG_ENABLE_OBJC_WEAK = YES;
				CLANG_WARN_BLOCK_CAPTURE_AUTORELEASING = YES;
				CLANG_WARN_BOOL_CONVERSION = YES;
				CLANG_WARN_COMMA = YES;
				CLANG_WARN_CONSTANT_CONVERSION = YES;
				CLANG_WARN_DEPRECATED_OBJC_IMPLEMENTATIONS = YES;
				CLANG_WARN_DIRECT_OBJC_ISA_USAGE = YES_ERROR;
				CLANG_WARN_DOCUMENTATION_COMMENTS = YES;
				CLANG_WARN_EMPTY_BODY = YES;
				CLANG_WARN_ENUM_CONVERSION = YES;
				CLANG_WARN_INFINITE_RECURSION = YES;
				CLANG_WARN_INT_CONVERSION = YES;
				CLANG_WARN_NON_LITERAL_NULL_CONVERSION = YES;
				CLANG_WARN_OBJC_IMPLICIT_RETAIN_SELF = YES;
				CLANG_WARN_OBJC_LITERAL_CONVERSION = YES;
				CLANG_WARN_OBJC_ROOT_CLASS = YES_ERROR;
				CLANG_WARN_QUOTED_INCLUDE_IN_FRAMEWORK_HEADER = YES;
				CLANG_WARN_RANGE_LOOP_ANALYSIS = YES;
				CLANG_WARN_STRICT_PROTOTYPES = YES;
				CLANG_WARN_SUSPICIOUS_MOVE = YES;
				CLANG_WARN_UNGUARDED_AVAILABILITY = YES_AGGRESSIVE;
				CLANG_WARN_UNREACHABLE_CODE = YES;
				CLANG_WARN__DUPLICATE_METHOD_MATCH = YES;
				COPY_PHASE_STRIP = NO;
				DEBUG_INFORMATION_FORMAT = "dwarf-with-dsym";
				ENABLE_NS_ASSERTIONS = NO;
				ENABLE_STRICT_OBJC_MSGSEND = YES;
				ENABLE_USER_SCRIPT_SANDBOXING = YES;
				GCC_C_LANGUAGE_STANDARD = gnu17;
				GCC_NO_COMMON_BLOCKS = YES;
				GCC_WARN_64_TO_32_BIT_CONVERSION = YES;
				GCC_WARN_ABOUT_RETURN_TYPE = YES_ERROR;
				GCC_WARN_UNDECLARED_SELECTOR = YES;
				GCC_WARN_UNINITIALIZED_AUTOS = YES_AGGRESSIVE;
				GCC_WARN_UNUSED_FUNCTION = YES;
				GCC_WARN_UNUSED_VARIABLE = YES;
				IPHONEOS_DEPLOYMENT_TARGET = 17.0;
				LOCALIZATION_PREFERS_STRING_CATALOGS = YES;
				MTL_ENABLE_DEBUG_INFO = NO;
				MTL_FAST_MATH = YES;
				SDKROOT = iphoneos;
				SWIFT_COMPILATION_MODE = wholemodule;
				VALIDATE_PRODUCT = YES;
			};
			name = Release;
		};
		187BD1C42B0D2D6800DEAFB2 /* Debug */ = {
			isa = XCBuildConfiguration;
			baseConfigurationReference = C4090DCD5889CB951C6151EB /* Pods-iDENTify.debug.xcconfig */;
			buildSettings = {
				ASSETCATALOG_COMPILER_APPICON_NAME = AppIcon;
				ASSETCATALOG_COMPILER_GLOBAL_ACCENT_COLOR_NAME = AccentColor;
				CODE_SIGN_STYLE = Automatic;
				CURRENT_PROJECT_VERSION = 1;
				DEVELOPMENT_ASSET_PATHS = "\"iDENTify/Preview Content\"";
				DEVELOPMENT_TEAM = K4MBJGZLNY;
				ENABLE_PREVIEWS = YES;
				ENABLE_USER_SCRIPT_SANDBOXING = NO;
				GENERATE_INFOPLIST_FILE = YES;
				INFOPLIST_KEY_NSCameraUsageDescription = "This app needs camera access to capture photos of your teeth for cavity detection analysis.";
				INFOPLIST_KEY_NSPhotoLibraryAddUsageDescription = "This app needs permission to save analyzed photos to your photo library.";
				INFOPLIST_KEY_NSPhotoLibraryUsageDescription = "This app needs photo library access to select existing photos of your teeth for cavity detection analysis.";
				INFOPLIST_KEY_UIApplicationSceneManifest_Generation = YES;
				INFOPLIST_KEY_UIApplicationSupportsIndirectInputEvents = YES;
				INFOPLIST_KEY_UILaunchScreen_Generation = YES;
				INFOPLIST_KEY_UISupportedInterfaceOrientations_iPad = "UIInterfaceOrientationPortrait UIInterfaceOrientationPortraitUpsideDown UIInterfaceOrientationLandscapeLeft UIInterfaceOrientationLandscapeRight";
				INFOPLIST_KEY_UISupportedInterfaceOrientations_iPhone = "UIInterfaceOrientationPortrait UIInterfaceOrientationLandscapeLeft UIInterfaceOrientationLandscapeRight";
				LD_RUNPATH_SEARCH_PATHS = (
					"$(inherited)",
					"@executable_path/Frameworks",
				);
				MARKETING_VERSION = 1.0;
				PRODUCT_BUNDLE_IDENTIFIER = sinha.iDENTify;
				PRODUCT_NAME = "$(TARGET_NAME)";
				SWIFT_EMIT_LOC_STRINGS = YES;
				SWIFT_VERSION = 5.0;
				TARGETED_DEVICE_FAMILY = "1,2";
			};
			name = Debug;
		};
		187BD1C52B0D2D6800DEAFB2 /* Release */ = {
			isa = XCBuildConfiguration;
			baseConfigurationReference = F3981274F9A4480B472FDE3F /* Pods-iDENTify.release.xcconfig */;
			buildSettings = {
				ASSETCATALOG_COMPILER_APPICON_NAME = AppIcon;
				ASSETCATALOG_COMPILER_GLOBAL_ACCENT_COLOR_NAME = AccentColor;
				CODE_SIGN_STYLE = Automatic;
				CURRENT_PROJECT_VERSION = 1;
				DEVELOPMENT_ASSET_PATHS = "\"iDENTify/Preview Content\"";
				DEVELOPMENT_TEAM = K4MBJGZLNY;
				ENABLE_PREVIEWS = YES;
				ENABLE_USER_SCRIPT_SANDBOXING = NO;
				GENERATE_INFOPLIST_FILE = YES;
				INFOPLIST_KEY_NSCameraUsageDescription = "This app needs camera access to capture photos of your teeth for cavity detection analysis.";
				INFOPLIST_KEY_NSPhotoLibraryAddUsageDescription = "This app needs permission to save analyzed photos to your photo library.";
				INFOPLIST_KEY_NSPhotoLibraryUsageDescription = "This app needs photo library access to select existing photos of your teeth for cavity detection analysis.";
				INFOPLIST_KEY_UIApplicationSceneManifest_Generation = YES;
				INFOPLIST_KEY_UIApplicationSupportsIndirectInputEvents = YES;
				INFOPLIST_KEY_UILaunchScreen_Generation = YES;
				INFOPLIST_KEY_UISupportedInterfaceOrientations_iPad = "UIInterfaceOrientationPortrait UIInterfaceOrientationPortraitUpsideDown UIInterfaceOrientationLandscapeLeft UIInterfaceOrientationLandscapeRight";
				INFOPLIST_KEY_UISupportedInterfaceOrientations_iPhone = "UIInterfaceOrientationPortrait UIInterfaceOrientationLandscapeLeft UIInterfaceOrientationLandscapeRight";
				LD_RUNPATH_SEARCH_PATHS = (
					"$(inherited)",
					"@executable_path/Frameworks",
				);
				MARKETING_VERSION = 1.0;
				PRODUCT_BUNDLE_IDENTIFIER = sinha.iDENTify;
				PRODUCT_NAME = "$(TARGET_NAME)";
				SWIFT_EMIT_LOC_STRINGS = YES;
				SWIFT_VERSION = 5.0;
				TARGETED_DEVICE_FAMILY = "1,2";
			};
			name = Release;
		};
		187BD1C72B0D2D6800DEAFB2 /* Debug */ = {
			isa = XCBuildConfiguration;
			baseConfigurationReference = AE98199EBB6B7F295A35BB43 /* Pods-iDENTifyTests.debug.xcconfig */;
			buildSettings = {
				ALWAYS_EMBED_SWIFT_STANDARD_LIBRARIES = YES;
				BUNDLE_LOADER = "$(TEST_HOST)";
				CODE_SIGN_STYLE = Automatic;
				CURRENT_PROJECT_VERSION = 1;
				GENERATE_INFOPLIST_FILE = YES;
				IPHONEOS_DEPLOYMENT_TARGET = 17.0;
				MARKETING_VERSION = 1.0;
				PRODUCT_BUNDLE_IDENTIFIER = sinha.iDENTifyTests;
				PRODUCT_NAME = "$(TARGET_NAME)";
				SWIFT_EMIT_LOC_STRINGS = NO;
				SWIFT_VERSION = 5.0;
				TARGETED_DEVICE_FAMILY = "1,2";
				TEST_HOST = "$(BUILT_PRODUCTS_DIR)/iDENTify.app/$(BUNDLE_EXECUTABLE_FOLDER_PATH)/iDENTify";
			};
			name = Debug;
		};
		187BD1C82B0D2D6800DEAFB2 /* Release */ = {
			isa = XCBuildConfiguration;
			baseConfigurationReference = 0482DB56AECD82D602B52E23 /* Pods-iDENTifyTests.release.xcconfig */;
			buildSettings = {
				ALWAYS_EMBED_SWIFT_STANDARD_LIBRARIES = YES;
				BUNDLE_LOADER = "$(TEST_HOST)";
				CODE_SIGN_STYLE = Automatic;
				CURRENT_PROJECT_VERSION = 1;
				GENERATE_INFOPLIST_FILE = YES;
				IPHONEOS_DEPLOYMENT_TARGET = 17.0;
				MARKETING_VERSION = 1.0;
				PRODUCT_BUNDLE_IDENTIFIER = sinha.iDENTifyTests;
				PRODUCT_NAME = "$(TARGET_NAME)";
				SWIFT_EMIT_LOC_STRINGS = NO;
				SWIFT_VERSION = 5.0;
				TARGETED_DEVICE_FAMILY = "1,2";
				TEST_HOST = "$(BUILT_PRODUCTS_DIR)/iDENTify.app/$(BUNDLE_EXECUTABLE_FOLDER_PATH)/iDENTify";
			};
			name = Release;
		};
		187BD1CA2B0D2D6800DEAFB2 /* Debug */ = {
			isa = XCBuildConfiguration;
			baseConfigurationReference = 520B23074CBF74542BCCD8CA /* Pods-iDENTify-iDENTifyUITests.debug.xcconfig */;
			buildSettings = {
				ALWAYS_EMBED_SWIFT_STANDARD_LIBRARIES = YES;
				CODE_SIGN_STYLE = Automatic;
				CURRENT_PROJECT_VERSION = 1;
				GENERATE_INFOPLIST_FILE = YES;
				MARKETING_VERSION = 1.0;
				PRODUCT_BUNDLE_IDENTIFIER = sinha.iDENTifyUITests;
				PRODUCT_NAME = "$(TARGET_NAME)";
				SWIFT_EMIT_LOC_STRINGS = NO;
				SWIFT_VERSION = 5.0;
				TARGETED_DEVICE_FAMILY = "1,2";
				TEST_TARGET_NAME = iDENTify;
			};
			name = Debug;
		};
		187BD1CB2B0D2D6800DEAFB2 /* Release */ = {
			isa = XCBuildConfiguration;
			baseConfigurationReference = 078B6169AD5023BEC27E9069 /* Pods-iDENTify-iDENTifyUITests.release.xcconfig */;
			buildSettings = {
				ALWAYS_EMBED_SWIFT_STANDARD_LIBRARIES = YES;
				CODE_SIGN_STYLE = Automatic;
				CURRENT_PROJECT_VERSION = 1;
				GENERATE_INFOPLIST_FILE = YES;
				MARKETING_VERSION = 1.0;
				PRODUCT_BUNDLE_IDENTIFIER = sinha.iDENTifyUITests;
				PRODUCT_NAME = "$(TARGET_NAME)";
				SWIFT_EMIT_LOC_STRINGS = NO;
				SWIFT_VERSION = 5.0;
				TARGETED_DEVICE_FAMILY = "1,2";
				TEST_TARGET_NAME = iDENTify;
			};
			name = Release;
		};
/* End XCBuildConfiguration section */

/* Begin XCConfigurationList section */
		187BD19A2B0D2D6700DEAFB2 /* Build configuration list for PBXProject "iDENTify" */ = {
			isa = XCConfigurationList;
			buildConfigurations = (
				187BD1C12B0D2D6800DEAFB2 /* Debug */,
				187BD1C22B0D2D6800DEAFB2 /* Release */,
			);
			defaultConfigurationIsVisible = 0;
			defaultConfigurationName = Release;
		};
		187BD1C32B0D2D6800DEAFB2 /* Build configuration list for PBXNativeTarget "iDENTify" */ = {
			isa = XCConfigurationList;
			buildConfigurations = (
				187BD1C42B0D2D6800DEAFB2 /* Debug */,
				187BD1C52B0D2D6800DEAFB2 /* Release */,
			);
			defaultConfigurationIsVisible = 0;
			defaultConfigurationName = Release;
		};
		187BD1C62B0D2D6800DEAFB2 /* Build configuration list for PBXNativeTarget "iDENTifyTests" */ = {
			isa = XCConfigurationList;
			buildConfigurations = (
				187BD1C72B0D2D6800DEAFB2 /* Debug */,
				187BD1C82B0D2D6800DEAFB2 /* Release */,
			);
			defaultConfigurationIsVisible = 0;
			defaultConfigurationName = Release;
		};
		187BD1C92B0D2D6800DEAFB2 /* Build configuration list for PBXNativeTarget "iDENTifyUITests" */ = {
			isa = XCConfigurationList;
			buildConfigurations = (
				187BD1CA2B0D2D6800DEAFB2 /* Debug */,
				187BD1CB2B0D2D6800DEAFB2 /* Release */,
			);
			defaultConfigurationIsVisible = 0;
			defaultConfigurationName = Release;
		};
/* End XCConfigurationList section */
	};
	rootObject = 187BD1972B0D2D6700DEAFB2 /* Project object */;
}
